<?xml version="1.0" encoding="utf-8"?>
<Project ToolsVersion="4.0" xmlns="http://schemas.microsoft.com/developer/msbuild/2003">
  <ItemGroup>
    <Filter Include="Zital">
      <UniqueIdentifier>{A92B970E-1540-BFBF-DEC1-621F4A95BBF0}</UniqueIdentifier>
    </Filter>
    <Filter Include="Zital\Events">
      <UniqueIdentifier>{6DFF63B0-5962-F354-02E8-2B0BEE29BFD7}</UniqueIdentifier>
    </Filter>
    <Filter Include="Zital\Platform">
      <UniqueIdentifier>{1D967F75-0964-737B-F2F7-E3A1DE644FE0}</UniqueIdentifier>
    </Filter>
    <Filter Include="Zital\Platform\Windows">
      <UniqueIdentifier>{570DDC26-4307-0579-2C74-9B89180D6BE5}</UniqueIdentifier>
    </Filter>
  </ItemGroup>
  <ItemGroup>
    <ClInclude Include="Source\ZTpch.h" />
    <ClInclude Include="Source\Zital.h" />
    <ClInclude Include="Source\Zital\Application.h">
      <Filter>Zital</Filter>
    </ClInclude>
    <ClInclude Include="Source\Zital\Core.h">
      <Filter>Zital</Filter>
    </ClInclude>
    <ClInclude Include="Source\Zital\EntryPoint.h">
      <Filter>Zital</Filter>
    </ClInclude>
    <ClInclude Include="Source\Zital\Events\ApplicationEvent.h">
      <Filter>Zital\Events</Filter>
    </ClInclude>
    <ClInclude Include="Source\Zital\Events\Event.h">
      <Filter>Zital\Events</Filter>
    </ClInclude>
    <ClInclude Include="Source\Zital\Events\KeyEvent.h">
      <Filter>Zital\Events</Filter>
    </ClInclude>
    <ClInclude Include="Source\Zital\Events\MouseEvent.h">
      <Filter>Zital\Events</Filter>
    </ClInclude>
    <ClInclude Include="Source\Zital\Log.h">
      <Filter>Zital</Filter>
    </ClInclude>
    <ClInclude Include="Source\Zital\Platform\Windows\WindowsWindow.h">
      <Filter>Zital\Platform\Windows</Filter>
    </ClInclude>
    <ClInclude Include="Source\Zital\Window.h">
      <Filter>Zital</Filter>
    </ClInclude>
  </ItemGroup>
  <ItemGroup>
    <ClCompile Include="Source\ZTpch.cpp" />
    <ClCompile Include="Source\Zital\Application.cpp">
      <Filter>Zital</Filter>
    </ClCompile>
    <ClCompile Include="Source\Zital\Log.cpp">
      <Filter>Zital</Filter>
    </ClCompile>
    <ClCompile Include="Source\Zital\Platform\Windows\WindowsWindow.cpp">
      <Filter>Zital\Platform\Windows</Filter>
    </ClCompile>
  </ItemGroup>
</Project>