<?xml version="1.0" encoding="utf-8"?>
<Project ToolsVersion="4.0" xmlns="http://schemas.microsoft.com/developer/msbuild/2003">
  <ItemGroup>
    <Filter Include="Platform">
      <UniqueIdentifier>{2AC788B4-1694-E3BF-3FAD-D1672BD9184E}</UniqueIdentifier>
    </Filter>
    <Filter Include="Platform\OpenGL">
      <UniqueIdentifier>{1E7D2C1D-8A08-9AE1-9319-1DD6FF23F6E1}</UniqueIdentifier>
    </Filter>
    <Filter Include="Platform\Windows">
      <UniqueIdentifier>{64FBD71A-50F4-F66C-7926-DCF1657ED678}</UniqueIdentifier>
    </Filter>
    <Filter Include="Zital">
      <UniqueIdentifier>{A92B970E-1540-BFBF-DEC1-621F4A95BBF0}</UniqueIdentifier>
    </Filter>
    <Filter Include="Zital\Events">
      <UniqueIdentifier>{6DFF63B0-5962-F354-02E8-2B0BEE29BFD7}</UniqueIdentifier>
    </Filter>
    <Filter Include="Zital\ImGui">
      <UniqueIdentifier>{93FB45B0-FFB0-BEA5-88A5-B87CF459B5A9}</UniqueIdentifier>
    </Filter>
  </ItemGroup>
  <ItemGroup>
    <ClInclude Include="Source\Platform\OpenGL\ImGuiOpenGLRenderer.h">
      <Filter>Platform\OpenGL</Filter>
    </ClInclude>
    <ClInclude Include="Source\Platform\Windows\WindowsWindow.h">
      <Filter>Platform\Windows</Filter>
    </ClInclude>
    <ClInclude Include="Source\ZTpch.h" />
    <ClInclude Include="Source\Zital.h" />
    <ClInclude Include="Source\Zital\Application.h">
      <Filter>Zital</Filter>
    </ClInclude>
    <ClInclude Include="Source\Zital\Core.h">
      <Filter>Zital</Filter>
    </ClInclude>
    <ClInclude Include="Source\Zital\EntryPoint.h">
      <Filter>Zital</Filter>
    </ClInclude>
    <ClInclude Include="Source\Zital\Events\ApplicationEvent.h">
      <Filter>Zital\Events</Filter>
    </ClInclude>
    <ClInclude Include="Source\Zital\Events\Event.h">
      <Filter>Zital\Events</Filter>
    </ClInclude>
    <ClInclude Include="Source\Zital\Events\KeyEvent.h">
      <Filter>Zital\Events</Filter>
    </ClInclude>
    <ClInclude Include="Source\Zital\Events\MouseEvent.h">
      <Filter>Zital\Events</Filter>
    </ClInclude>
    <ClInclude Include="Source\Zital\ImGui\ImGuiLayer.h">
      <Filter>Zital\ImGui</Filter>
    </ClInclude>
    <ClInclude Include="Source\Zital\Layer.h">
      <Filter>Zital</Filter>
    </ClInclude>
    <ClInclude Include="Source\Zital\LayerStack.h">
      <Filter>Zital</Filter>
    </ClInclude>
    <ClInclude Include="Source\Zital\Log.h">
      <Filter>Zital</Filter>
    </ClInclude>
    <ClInclude Include="Source\Zital\Window.h">
      <Filter>Zital</Filter>
    </ClInclude>
    <ClInclude Include="Source\Zital\Input.h" />
    <ClInclude Include="Source\Platform\Windows\WindowsInput.h" />
  </ItemGroup>
  <ItemGroup>
    <ClCompile Include="Source\Platform\OpenGL\ImGuiOpenGLRenderer.cpp">
      <Filter>Platform\OpenGL</Filter>
    </ClCompile>
    <ClCompile Include="Source\Platform\Windows\WindowsWindow.cpp">
      <Filter>Platform\Windows</Filter>
    </ClCompile>
    <ClCompile Include="Source\ZTpch.cpp" />
    <ClCompile Include="Source\Zital\Application.cpp">
      <Filter>Zital</Filter>
    </ClCompile>
    <ClCompile Include="Source\Zital\ImGui\ImGuiLayer.cpp">
      <Filter>Zital\ImGui</Filter>
    </ClCompile>
    <ClCompile Include="Source\Zital\Layer.cpp">
      <Filter>Zital</Filter>
    </ClCompile>
    <ClCompile Include="Source\Zital\LayerStack.cpp">
      <Filter>Zital</Filter>
    </ClCompile>
    <ClCompile Include="Source\Zital\Log.cpp">
      <Filter>Zital</Filter>
    </ClCompile>
    <ClCompile Include="Source\Platform\Windows\WindowsInput.cpp" />
  </ItemGroup>
</Project>